{
    "version": 3,
    "terraform_version": "0.7.0",
    "serial": 7,
    "lineage": "12702f64-15be-4004-a9b6-4245b65a588f",
    "modules": [
        {
            "path": [
                "root"
            ],
            "outputs": {},
            "resources": {
                "aws_lambda_permission.allow_alexa_skill": {
                    "type": "aws_lambda_permission",
                    "primary": {
                        "id": "1234",
                        "attributes": {
                            "action": "lambda:InvokeFunction",
                            "function_name": "arn:aws:lambda:us-east-1:584725211772:function:dog-whisperer_dogWhisperer",
                            "id": "1234",
                            "principal": "alexa-appkit.amazon.com",
                            "statement_id": "1234"
                        }
                    }
                }
            }
        }
    ]
}
