{
    "version": 3,
    "terraform_version": "0.7.8",
    "serial": 11,
    "lineage": "ca7ed4f0-9ac4-475e-8b61-784a04d0f4a0",
    "modules": [
        {
            "path": [
                "root"
            ],
            "outputs": {
                "iam_for_lambda_arn": {
                    "sensitive": false,
                    "type": "string",
                    "value": "arn:aws:iam::584725211772:role/dog-whisperer_lambda_function"
                }
            },
            "resources": {
                "aws_iam_role.iam_for_lambda": {
                    "type": "aws_iam_role",
                    "depends_on": [],
                    "primary": {
                        "id": "dog-whisperer_lambda_function",
                        "attributes": {
                            "arn": "arn:aws:iam::584725211772:role/dog-whisperer_lambda_function",
                            "assume_role_policy": "{\n  \"Version\": \"2012-10-17\",\n  \"Statement\": [\n    {\n      \"Effect\": \"Allow\",\n      \"Principal\": {\n        \"Service\": \"lambda.amazonaws.com\"\n      },\n      \"Action\": \"sts:AssumeRole\"\n    }\n  ]\n}\n",
                            "id": "dog-whisperer_lambda_function",
                            "name": "dog-whisperer_lambda_function",
                            "path": "/",
                            "unique_id": "AROAJK3XJJ4RRIQYNAW3C"
                        },
                        "meta": {},
                        "tainted": false
                    },
                    "deposed": [],
                    "provider": ""
                }
            },
            "depends_on": []
        }
    ]
}
