{
    "version": 3,
    "terraform_version": "0.7.8",
    "serial": 30,
    "lineage": "ca7ed4f0-9ac4-475e-8b61-784a04d0f4a0",
    "modules": [
        {
            "path": [
                "root"
            ],
            "outputs": {
                "iam_for_lambda_arn": {
                    "sensitive": false,
                    "type": "string",
                    "value": "arn:aws:iam::584725211772:role/dog-whisperer_lambda_function"
                }
            },
            "resources": {
                "aws_iam_role.iam_for_lambda": {
                    "type": "aws_iam_role",
                    "depends_on": [],
                    "primary": {
                        "id": "dog-whisperer_lambda_function",
                        "attributes": {
                            "arn": "arn:aws:iam::584725211772:role/dog-whisperer_lambda_function",
                            "assume_role_policy": "{\r\n  \"Version\": \"2012-10-17\",\r\n  \"Statement\": [\r\n    {\r\n      \"Effect\": \"Allow\",\r\n      \"Principal\": {\r\n        \"Service\": \"lambda.amazonaws.com\"\r\n      },\r\n      \"Action\": \"sts:AssumeRole\"\r\n    }\r\n  ]\r\n}\r\n",
                            "id": "dog-whisperer_lambda_function",
                            "name": "dog-whisperer_lambda_function",
                            "path": "/",
                            "unique_id": "AROAIUN7MGXXMJKLD2JRY"
                        },
                        "meta": {},
                        "tainted": false
                    },
                    "deposed": [],
                    "provider": ""
                },
                "aws_iam_role_policy.cloudwatch_full_access": {
                    "type": "aws_iam_role_policy",
                    "depends_on": [
                        "aws_iam_role.iam_for_lambda"
                    ],
                    "primary": {
                        "id": "dog-whisperer_lambda_function:dog-whisperer-cloudwatchlogs_full_access",
                        "attributes": {
                            "id": "dog-whisperer_lambda_function:dog-whisperer-cloudwatchlogs_full_access",
                            "name": "dog-whisperer-cloudwatchlogs_full_access",
                            "policy": "{\r\n  \"Version\": \"2012-10-17\",\r\n  \"Statement\": [\r\n    {\r\n      \"Action\": [\r\n        \"logs:*\"\r\n      ],\r\n      \"Effect\": \"Allow\",\r\n      \"Resource\": \"*\"\r\n    }\r\n  ]\r\n}\r\n",
                            "role": "dog-whisperer_lambda_function"
                        },
                        "meta": {},
                        "tainted": false
                    },
                    "deposed": [],
                    "provider": ""
                }
            },
            "depends_on": []
        }
    ]
}
